{
  "lockfileVersion": 1,
  "workspaces": {
    "": {
      "name": "moq-dev-js-client",
      "dependencies": {
        "@moq/net": "0.1.3",
        "@moq/web-transport": "0.1.2",
      },
      "devDependencies": {
        "@biomejs/biome": "latest",
        "@types/bun": "^1.3.9",
        "@types/node": "^22",
      },
    },
  },
  "packages": {
    "@biomejs/biome": ["@biomejs/biome@2.4.16", "", { "optionalDependencies": { "@biomejs/cli-darwin-arm64": "2.4.16", "@biomejs/cli-darwin-x64": "2.4.16", "@biomejs/cli-linux-arm64": "2.4.16", "@biomejs/cli-linux-arm64-musl": "2.4.16", "@biomejs/cli-linux-x64": "2.4.16", "@biomejs/cli-linux-x64-musl": "2.4.16", "@biomejs/cli-win32-arm64": "2.4.16", "@biomejs/cli-win32-x64": "2.4.16" }, "bin": { "biome": "bin/biome" } }, "sha512-x9ajFh1zChVybCiM3TN6OD4phAqLgtPZjFrZF+aTMYCPjwBO+k529TX7PPsAqtGNLeV4UgzwQnowEgS7bGmzcA=="],

    "@biomejs/cli-darwin-arm64": ["@biomejs/cli-darwin-arm64@2.4.16", "", { "os": "darwin", "cpu": "arm64" }, "sha512-wxPvu4XOA85YJk9ixSWUmq/QBHbid85BISbOAqqBM/5xQpPk9ayjk5375tOlSC0BeCwNSbPFafQBm+vBumXq0A=="],

    "@biomejs/cli-darwin-x64": ["@biomejs/cli-darwin-x64@2.4.16", "", { "os": "darwin", "cpu": "x64" }, "sha512-xFCqGPwYusQJp4N4NJLi1XJiZqjwFdjhT+KqtNy+Ug3qgfczqnTa6MSDvxJF6TkuDLoYJItMapz6tAf7kCekFw=="],

    "@biomejs/cli-linux-arm64": ["@biomejs/cli-linux-arm64@2.4.16", "", { "os": "linux", "cpu": "arm64" }, "sha512-2kFb4//jxfZaP6D+Rj5VkHkxgyD9EoRAVBEQb8PKRv+s4NO2zYNJKXFaJmK1CmhufJOWEfpHKaRbOja7qjmdhQ=="],

    "@biomejs/cli-linux-arm64-musl": ["@biomejs/cli-linux-arm64-musl@2.4.16", "", { "os": "linux", "cpu": "arm64" }, "sha512-oYxnW0ARfJkr72ezzF2OR8N/rtkgLUQeYtF8cFhVswbknHxtTcmzSsanVJP8yQKnGpGpc2ck6c5zLvHahL6Cbg=="],

    "@biomejs/cli-linux-x64": ["@biomejs/cli-linux-x64@2.4.16", "", { "os": "linux", "cpu": "x64" }, "sha512-NbcBbi/nJqn5baae6wqRXdS7Gadf2uRpehSh6vMSYpG8OhkXl/Xg8aorWrJ+9VWqAT5ml90alLvorkpMW0nBwQ=="],

    "@biomejs/cli-linux-x64-musl": ["@biomejs/cli-linux-x64-musl@2.4.16", "", { "os": "linux", "cpu": "x64" }, "sha512-iHDS+MCM65DPqWGu+ECC3uoALyj2H7F4nVUPxIPjz/PIl94EUu+EDfGZDzFP+NY1EOPVt9NQvwFqq7HdMmowdg=="],

    "@biomejs/cli-win32-arm64": ["@biomejs/cli-win32-arm64@2.4.16", "", { "os": "win32", "cpu": "arm64" }, "sha512-0rgImMsNb5v/chhkIFe3wu7PEFClS6RBAYUijGL9UsYN3PanSaoK24HSSuSJb1pYbYYVjzAyZTl3gtjJ84BM8A=="],

    "@biomejs/cli-win32-x64": ["@biomejs/cli-win32-x64@2.4.16", "", { "os": "win32", "cpu": "x64" }, "sha512-Kp85jgoBHa05gix6UIRjfCDiUV3w/8VIdZ247VyyO2gEjaw12WEVhdIjlxp/AMzXxqxQwbxNTDVZ3Mwd2RG5rw=="],

    "@moq/net": ["@moq/net@0.1.3", "", { "dependencies": { "@moq/qmux": "^0.0.6", "@moq/signals": "^0.1.8", "async-mutex": "^0.5.0" }, "peerDependencies": { "zod": "^4.0.0" } }, "sha512-OiT5URtjdyirtsVfsDL25GxDzxE0iN0elZygibEQCt0E9fTgIG0HbI9WXBorI1s5jtZbYk0psKnY9h3Vgs7kGw=="],

    "@moq/qmux": ["@moq/qmux@0.0.6", "", {}, "sha512-ISuGz05lUvf1hzHW3Aw3VnsGRJe1w9Qdog3LQ66KS+l+5mzQsPANvW8yOioEe1Z9dJO2G3sAHoGPnzwnsY9SIQ=="],

    "@moq/signals": ["@moq/signals@0.1.8", "", { "peerDependencies": { "@types/react": "^19.2.15", "react": "^19.0.0", "solid-js": "^1.9.13" }, "optionalPeers": ["@types/react", "react", "solid-js"] }, "sha512-UUbnyyJATCZBpjRjcZZq0vsA6Dc+HcEhNkUF8/eaR9Vkh9m2XTKPY7Oo4XyNiAoAAfI40+LxlI4QT5vv1KJKWA=="],

    "@moq/web-transport": ["@moq/web-transport@0.1.2", "", { "optionalDependencies": { "@moq/web-transport-darwin-arm64": "0.1.2", "@moq/web-transport-darwin-x64": "0.1.2", "@moq/web-transport-linux-arm64-gnu": "0.1.2", "@moq/web-transport-linux-x64-gnu": "0.1.2", "@moq/web-transport-win32-x64-msvc": "0.1.2" } }, "sha512-cJE0B+T5a8ey1ZgFUIBTWkIWfhCAYGAUgAw8XYeOPsKPjFhtW9M/C+XV8Yu0IeUS4nnrbBPw4sEc+TvMybV4IQ=="],

    "@moq/web-transport-darwin-arm64": ["@moq/web-transport-darwin-arm64@0.1.2", "", { "os": "darwin", "cpu": "arm64" }, "sha512-waCy1fIyUg0WDwP+rI5Jg7Mw5efsJjImGZzyIDvCXM98O/nWoybPmh8Cka6VP+8xUBeclRpWmlC6phYXtYqPyw=="],

    "@moq/web-transport-darwin-x64": ["@moq/web-transport-darwin-x64@0.1.2", "", { "os": "darwin", "cpu": "x64" }, "sha512-MWllJfxoZ5ncFxuWpcrwIEMpNjvixt7ycCZQDoW9yjfqsMzfPVRaunvJ8kW0zp0IXrGpC/RFeecFSaE7PmzHpg=="],

    "@moq/web-transport-linux-arm64-gnu": ["@moq/web-transport-linux-arm64-gnu@0.1.2", "", { "os": "linux", "cpu": "arm64" }, "sha512-cjVoLj/SGjetlJx3tbVt0fhzYIN195L9JQ/UkZqpvkhIfWEopPX7MzCWUPRK72mzH7kCyWr0dUGSu7B3pD1j1w=="],

    "@moq/web-transport-linux-x64-gnu": ["@moq/web-transport-linux-x64-gnu@0.1.2", "", { "os": "linux", "cpu": "x64" }, "sha512-ExZbJFdUeL2G0FkBY7mw/tZTq6+lZfYgIWkjDRa4YkifcGjMevEgpsby5QXlxhs+Og1y5q/x2Xgzd/bAG3TkRQ=="],

    "@moq/web-transport-win32-x64-msvc": ["@moq/web-transport-win32-x64-msvc@0.1.2", "", { "os": "win32", "cpu": "x64" }, "sha512-iypZ2WVoqEDB4dt7qG/wRj3zWAEqpoPP1Lj44L3o23g60UGuqsrGgbpy85qmejBkjMmDrWHr0Phx6pYJNAj/TA=="],

    "@types/bun": ["@types/bun@1.3.14", "", { "dependencies": { "bun-types": "1.3.14" } }, "sha512-h1hFqFVcvAvD9j9K7ZW7vd82aSA+rTdznZa+5bwvCwqSB1jmmfLcbIWhOLx1/+boy/xmjgCs/OMUL8hRJSmnPw=="],

    "@types/node": ["@types/node@22.19.21", "", { "dependencies": { "undici-types": "~6.21.0" } }, "sha512-VMeFBSCKQKmm2swI2kW51SFusDqekC6q9trBCvJ/JliDchFSuoYYKN7yVNjPthP1HKZcx3U1gI/wTcEBjEFKTA=="],

    "async-mutex": ["async-mutex@0.5.0", "", { "dependencies": { "tslib": "^2.4.0" } }, "sha512-1A94B18jkJ3DYq284ohPxoXbfTA5HsQ7/Mf4DEhcyLx3Bz27Rh59iScbB6EPiP+B+joue6YCxcMXSbFC1tZKwA=="],

    "bun-types": ["bun-types@1.3.14", "", { "dependencies": { "@types/node": "*" } }, "sha512-4N0ig0fEomHt5R0KCFWjovxow98rIoRwKolrYdCcknNwMekCXRnWEUvgu5soYV8QXtVsrUD8B95MBOZGPvr6KQ=="],

    "tslib": ["tslib@2.8.1", "", {}, "sha512-oJFu94HQb+KVduSUQL7wnpmqnfmLsOA/nAh6b6EH0wCEoK0/mPeXU6c3wKDV83MkOuHPRHtSXKKU99IBazS/2w=="],

    "undici-types": ["undici-types@6.21.0", "", {}, "sha512-iwDZqg0QAGrg9Rav5H4n0M64c3mkR59cJ6wQp+7C4nI0gsmExaedaYLNO44eT4AtBBwjbTiGPMlt2Md0T9H9JQ=="],

    "zod": ["zod@4.4.3", "", {}, "sha512-ytENFjIJFl2UwYglde2jchW2Hwm4GJFLDiSXWdTrJQBIN9Fcyp7n4DhxJEiWNAJMV1/BqWfW/kkg71UDcHJyTQ=="],
  }
}
