{
  "lockfileVersion": 1,
  "workspaces": {
    "": {
      "name": "moq-dev-js-client",
      "dependencies": {
        "@moq/net": "0.1.2",
        "@moq/web-transport": "0.1.2",
      },
      "devDependencies": {
        "@biomejs/biome": "latest",
        "@types/bun": "^1.3.9",
        "@types/node": "^22",
      },
    },
  },
  "packages": {
    "@biomejs/biome": ["@biomejs/biome@2.3.14", "", { "optionalDependencies": { "@biomejs/cli-darwin-arm64": "2.3.14", "@biomejs/cli-darwin-x64": "2.3.14", "@biomejs/cli-linux-arm64": "2.3.14", "@biomejs/cli-linux-arm64-musl": "2.3.14", "@biomejs/cli-linux-x64": "2.3.14", "@biomejs/cli-linux-x64-musl": "2.3.14", "@biomejs/cli-win32-arm64": "2.3.14", "@biomejs/cli-win32-x64": "2.3.14" }, "bin": { "biome": "bin/biome" } }, "sha512-QMT6QviX0WqXJCaiqVMiBUCr5WRQ1iFSjvOLoTk6auKukJMvnMzWucXpwZB0e8F00/1/BsS9DzcKgWH+CLqVuA=="],

    "@biomejs/cli-darwin-arm64": ["@biomejs/cli-darwin-arm64@2.3.14", "", { "os": "darwin", "cpu": "arm64" }, "sha512-UJGPpvWJMkLxSRtpCAKfKh41Q4JJXisvxZL8ChN1eNW3m/WlPFJ6EFDCE7YfUb4XS8ZFi3C1dFpxUJ0Ety5n+A=="],

    "@biomejs/cli-darwin-x64": ["@biomejs/cli-darwin-x64@2.3.14", "", { "os": "darwin", "cpu": "x64" }, "sha512-PNkLNQG6RLo8lG7QoWe/hhnMxJIt1tEimoXpGQjwS/dkdNiKBLPv4RpeQl8o3s1OKI3ZOR5XPiYtmbGGHAOnLA=="],

    "@biomejs/cli-linux-arm64": ["@biomejs/cli-linux-arm64@2.3.14", "", { "os": "linux", "cpu": "arm64" }, "sha512-KT67FKfzIw6DNnUNdYlBg+eU24Go3n75GWK6NwU4+yJmDYFe9i/MjiI+U/iEzKvo0g7G7MZqoyrhIYuND2w8QQ=="],

    "@biomejs/cli-linux-arm64-musl": ["@biomejs/cli-linux-arm64-musl@2.3.14", "", { "os": "linux", "cpu": "arm64" }, "sha512-LInRbXhYujtL3sH2TMCH/UBwJZsoGwfQjBrMfl84CD4hL/41C/EU5mldqf1yoFpsI0iPWuU83U+nB2TUUypWeg=="],

    "@biomejs/cli-linux-x64": ["@biomejs/cli-linux-x64@2.3.14", "", { "os": "linux", "cpu": "x64" }, "sha512-ZsZzQsl9U+wxFrGGS4f6UxREUlgHwmEfu1IrXlgNFrNnd5Th6lIJr8KmSzu/+meSa9f4rzFrbEW9LBBA6ScoMA=="],

    "@biomejs/cli-linux-x64-musl": ["@biomejs/cli-linux-x64-musl@2.3.14", "", { "os": "linux", "cpu": "x64" }, "sha512-KQU7EkbBBuHPW3/rAcoiVmhlPtDSGOGRPv9js7qJVpYTzjQmVR+C9Rfcz+ti8YCH+zT1J52tuBybtP4IodjxZQ=="],

    "@biomejs/cli-win32-arm64": ["@biomejs/cli-win32-arm64@2.3.14", "", { "os": "win32", "cpu": "arm64" }, "sha512-+IKYkj/pUBbnRf1G1+RlyA3LWiDgra1xpS7H2g4BuOzzRbRB+hmlw0yFsLprHhbbt7jUzbzAbAjK/Pn0FDnh1A=="],

    "@biomejs/cli-win32-x64": ["@biomejs/cli-win32-x64@2.3.14", "", { "os": "win32", "cpu": "x64" }, "sha512-oizCjdyQ3WJEswpb3Chdngeat56rIdSYK12JI3iI11Mt5T5EXcZ7WLuowzEaFPNJ3zmOQFliMN8QY1Pi+qsfdQ=="],

    "@moq/net": ["@moq/net@0.1.2", "", { "dependencies": { "@moq/qmux": "^0.0.6", "@moq/signals": "^0.1.7", "async-mutex": "^0.5.0" }, "peerDependencies": { "zod": "^4.0.0" } }, "sha512-j8Eyu188n06RGWXIoarVFYPTWEq52WhdXVg3S0a3CGpXP0j5t0t2p9kUzUSgShdk4W6ItbvZ30mR+Ihwmuja0Q=="],

    "@moq/qmux": ["@moq/qmux@0.0.6", "", {}, "sha512-ISuGz05lUvf1hzHW3Aw3VnsGRJe1w9Qdog3LQ66KS+l+5mzQsPANvW8yOioEe1Z9dJO2G3sAHoGPnzwnsY9SIQ=="],

    "@moq/signals": ["@moq/signals@0.1.7", "", { "peerDependencies": { "@types/react": "^19.1.8", "react": "^19.0.0", "solid-js": "^1.9.7" }, "optionalPeers": ["@types/react", "react", "solid-js"] }, "sha512-Z45dKktZj1BLviWSXgZmtlePy02jx0H3cYp5+q9aYpDpb9k+v8shpjwBNNuTGxT4PUgxiQQFDY6YpKfLb54Xwg=="],

    "@moq/web-transport": ["@moq/web-transport@0.1.2", "", { "optionalDependencies": { "@moq/web-transport-darwin-arm64": "0.1.2", "@moq/web-transport-darwin-x64": "0.1.2", "@moq/web-transport-linux-arm64-gnu": "0.1.2", "@moq/web-transport-linux-x64-gnu": "0.1.2", "@moq/web-transport-win32-x64-msvc": "0.1.2" } }, "sha512-cJE0B+T5a8ey1ZgFUIBTWkIWfhCAYGAUgAw8XYeOPsKPjFhtW9M/C+XV8Yu0IeUS4nnrbBPw4sEc+TvMybV4IQ=="],

    "@moq/web-transport-darwin-arm64": ["@moq/web-transport-darwin-arm64@0.1.2", "", { "os": "darwin", "cpu": "arm64" }, "sha512-waCy1fIyUg0WDwP+rI5Jg7Mw5efsJjImGZzyIDvCXM98O/nWoybPmh8Cka6VP+8xUBeclRpWmlC6phYXtYqPyw=="],

    "@moq/web-transport-darwin-x64": ["@moq/web-transport-darwin-x64@0.1.2", "", { "os": "darwin", "cpu": "x64" }, "sha512-MWllJfxoZ5ncFxuWpcrwIEMpNjvixt7ycCZQDoW9yjfqsMzfPVRaunvJ8kW0zp0IXrGpC/RFeecFSaE7PmzHpg=="],

    "@moq/web-transport-linux-arm64-gnu": ["@moq/web-transport-linux-arm64-gnu@0.1.2", "", { "os": "linux", "cpu": "arm64" }, "sha512-cjVoLj/SGjetlJx3tbVt0fhzYIN195L9JQ/UkZqpvkhIfWEopPX7MzCWUPRK72mzH7kCyWr0dUGSu7B3pD1j1w=="],

    "@moq/web-transport-linux-x64-gnu": ["@moq/web-transport-linux-x64-gnu@0.1.2", "", { "os": "linux", "cpu": "x64" }, "sha512-ExZbJFdUeL2G0FkBY7mw/tZTq6+lZfYgIWkjDRa4YkifcGjMevEgpsby5QXlxhs+Og1y5q/x2Xgzd/bAG3TkRQ=="],

    "@moq/web-transport-win32-x64-msvc": ["@moq/web-transport-win32-x64-msvc@0.1.2", "", { "os": "win32", "cpu": "x64" }, "sha512-iypZ2WVoqEDB4dt7qG/wRj3zWAEqpoPP1Lj44L3o23g60UGuqsrGgbpy85qmejBkjMmDrWHr0Phx6pYJNAj/TA=="],

    "@types/bun": ["@types/bun@1.3.9", "", { "dependencies": { "bun-types": "1.3.9" } }, "sha512-KQ571yULOdWJiMH+RIWIOZ7B2RXQGpL1YQrBtLIV3FqDcCu6FsbFUBwhdKUlCKUpS3PJDsHlJ1QKlpxoVR+xtw=="],

    "@types/node": ["@types/node@22.19.21", "", { "dependencies": { "undici-types": "~6.21.0" } }, "sha512-VMeFBSCKQKmm2swI2kW51SFusDqekC6q9trBCvJ/JliDchFSuoYYKN7yVNjPthP1HKZcx3U1gI/wTcEBjEFKTA=="],

    "async-mutex": ["async-mutex@0.5.0", "", { "dependencies": { "tslib": "^2.4.0" } }, "sha512-1A94B18jkJ3DYq284ohPxoXbfTA5HsQ7/Mf4DEhcyLx3Bz27Rh59iScbB6EPiP+B+joue6YCxcMXSbFC1tZKwA=="],

    "bun-types": ["bun-types@1.3.9", "", { "dependencies": { "@types/node": "*" } }, "sha512-+UBWWOakIP4Tswh0Bt0QD0alpTY8cb5hvgiYeWCMet9YukHbzuruIEeXC2D7nMJPB12kbh8C7XJykSexEqGKJg=="],

    "tslib": ["tslib@2.8.1", "", {}, "sha512-oJFu94HQb+KVduSUQL7wnpmqnfmLsOA/nAh6b6EH0wCEoK0/mPeXU6c3wKDV83MkOuHPRHtSXKKU99IBazS/2w=="],

    "undici-types": ["undici-types@6.21.0", "", {}, "sha512-iwDZqg0QAGrg9Rav5H4n0M64c3mkR59cJ6wQp+7C4nI0gsmExaedaYLNO44eT4AtBBwjbTiGPMlt2Md0T9H9JQ=="],

    "zod": ["zod@4.3.6", "", {}, "sha512-rftlrkhHZOcjDwkGlnUtZZkvaPHCsDATp4pGpuOOMDaTdDDXF91wuVDJoWoPsKX/3YPQ5fHuF3STjcYyKr+Qhg=="],

    "bun-types/@types/node": ["@types/node@25.2.3", "", { "dependencies": { "undici-types": "~7.16.0" } }, "sha512-m0jEgYlYz+mDJZ2+F4v8D1AyQb+QzsNqRuI7xg1VQX/KlKS0qT9r1Mo16yo5F/MtifXFgaofIFsdFMox2SxIbQ=="],

    "bun-types/@types/node/undici-types": ["undici-types@7.16.0", "", {}, "sha512-Zz+aZWSj8LE6zoxD+xrjh4VfkIG8Ya6LvYkZqtUQGJPZjYl53ypCaUwWqo7eI0x66KBGeRo+mlBEkMSeSZ38Nw=="],
  }
}
